
Microsoft Visual Studio Solution File, Format Version 12.00
# Visual Studio Version 17
VisualStudioVersion = 17.2.32616.157
MinimumVisualStudioVersion = 10.0.40219.1
Project("{FAE04EC0-301F-11D3-BF4B-00C04F79EFBC}") = "FilleManip", "FilleManip\FilleManip.csproj", "{6C6A969F-768F-465A-8CF2-DC49637AEAEB}"
EndProject
Global
	GlobalSection(SolutionConfigurationPlatforms) = preSolution
		Debug|Any CPU = Debug|Any CPU
		Release|Any CPU = Release|Any CPU
	EndGlobalSection
	GlobalSection(ProjectConfigurationPlatforms) = postSolution
		{6C6A969F-768F-465A-8CF2-DC49637AEAEB}.Debug|Any CPU.ActiveCfg = Debug|Any CPU
		{6C6A969F-768F-465A-8CF2-DC49637AEAEB}.Debug|Any CPU.Build.0 = Debug|Any CPU
		{6C6A969F-768F-465A-8CF2-DC49637AEAEB}.Release|Any CPU.ActiveCfg = Release|Any CPU
		{6C6A969F-768F-465A-8CF2-DC49637AEAEB}.Release|Any CPU.Build.0 = Release|Any CPU
	EndGlobalSection
	GlobalSection(SolutionProperties) = preSolution
		HideSolutionNode = FALSE
	EndGlobalSection
	GlobalSection(ExtensibilityGlobals) = postSolution
		SolutionGuid = {148BF40F-C281-449F-B2DC-80EA191A70BD}
	EndGlobalSection
EndGlobal
